
Microsoft Visual Studio Solution File, Format Version 12.00
# Visual Studio Version 17
VisualStudioVersion = 17.2.32526.322
MinimumVisualStudioVersion = 10.0.40219.1
Project("{FAE04EC0-301F-11D3-BF4B-00C04F79EFBC}") = "Pizza Hunt", "Pizza Hunt.csproj", "{F90CCDE1-4421-4B42-B265-25BF4AC88709}"
EndProject
Global
	GlobalSection(SolutionConfigurationPlatforms) = preSolution
		Debug|Any CPU = Debug|Any CPU
		Release|Any CPU = Release|Any CPU
	EndGlobalSection
	GlobalSection(ProjectConfigurationPlatforms) = postSolution
		{F90CCDE1-4421-4B42-B265-25BF4AC88709}.Debug|Any CPU.ActiveCfg = Debug|Any CPU
		{F90CCDE1-4421-4B42-B265-25BF4AC88709}.Debug|Any CPU.Build.0 = Debug|Any CPU
		{F90CCDE1-4421-4B42-B265-25BF4AC88709}.Release|Any CPU.ActiveCfg = Release|Any CPU
		{F90CCDE1-4421-4B42-B265-25BF4AC88709}.Release|Any CPU.Build.0 = Release|Any CPU
	EndGlobalSection
	GlobalSection(SolutionProperties) = preSolution
		HideSolutionNode = FALSE
	EndGlobalSection
	GlobalSection(ExtensibilityGlobals) = postSolution
		SolutionGuid = {0974B3E8-C315-42DD-B33E-B67820DABB34}
	EndGlobalSection
EndGlobal
